// !$*UTF8*$!
{
	archiveVersion = 1;
	classes = {
	};
	objectVersion = 52;
	objects = {

/* Begin PBXBuildFile section */
		400F7A372A7C3DB200F6D49F /* LocationManager.swift in Sources */ = {isa = PBXBuildFile; fileRef = 400F7A362A7C3DB200F6D49F /* LocationManager.swift */; };
		400F7A7D2A7C575700F6D49F /* MyLocation.swift in Sources */ = {isa = PBXBuildFile; fileRef = 400F7A7C2A7C575700F6D49F /* MyLocation.swift */; };
		402BB0BD2A798C110093B4E4 /* WeatherManager.swift in Sources */ = {isa = PBXBuildFile; fileRef = 402BB0BC2A798C110093B4E4 /* WeatherManager.swift */; };
		405E72AA2A8446E200A78651 /* WeatherBrickTests.swift in Sources */ = {isa = PBXBuildFile; fileRef = 405E72A92A8446E200A78651 /* WeatherBrickTests.swift */; };
		405E72B22A84470700A78651 /* SnapshotTesting in Frameworks */ = {isa = PBXBuildFile; productRef = 405E72B12A84470700A78651 /* SnapshotTesting */; };
		4090DF5B2A7004450050C782 /* Podfile in Resources */ = {isa = PBXBuildFile; fileRef = 4090DF5A2A7004450050C782 /* Podfile */; };
		4090DFB02A71530A0050C782 /* Weather.swift in Sources */ = {isa = PBXBuildFile; fileRef = 4090DFA92A7153090050C782 /* Weather.swift */; };
		4090DFB12A71530A0050C782 /* Main.swift in Sources */ = {isa = PBXBuildFile; fileRef = 4090DFAA2A7153090050C782 /* Main.swift */; };
		4090DFB22A71530A0050C782 /* Clouds.swift in Sources */ = {isa = PBXBuildFile; fileRef = 4090DFAB2A7153090050C782 /* Clouds.swift */; };
		4090DFB32A71530A0050C782 /* Sys.swift in Sources */ = {isa = PBXBuildFile; fileRef = 4090DFAC2A7153090050C782 /* Sys.swift */; };
		4090DFB42A71530A0050C782 /* Wind.swift in Sources */ = {isa = PBXBuildFile; fileRef = 4090DFAD2A7153090050C782 /* Wind.swift */; };
		4090DFB52A71530A0050C782 /* WeatherData.swift in Sources */ = {isa = PBXBuildFile; fileRef = 4090DFAE2A7153090050C782 /* WeatherData.swift */; };
		4090DFB62A71530A0050C782 /* Coord.swift in Sources */ = {isa = PBXBuildFile; fileRef = 4090DFAF2A7153090050C782 /* Coord.swift */; };
		4090DFB92A71A7CD0050C782 /* StoneType.swift in Sources */ = {isa = PBXBuildFile; fileRef = 4090DFB82A71A7CD0050C782 /* StoneType.swift */; };
		4090DFC02A76B6D20050C782 /* NetworkManager.swift in Sources */ = {isa = PBXBuildFile; fileRef = 4090DFBF2A76B6D20050C782 /* NetworkManager.swift */; };
		4096E8172A6FDC7A00D8DBB6 /* InfoViewController.swift in Sources */ = {isa = PBXBuildFile; fileRef = 4096E8162A6FDC7A00D8DBB6 /* InfoViewController.swift */; };
		40AC5D462A854BB500AAF2A2 /* WeatherBrickUnitTests.swift in Sources */ = {isa = PBXBuildFile; fileRef = 40AC5D452A854BB500AAF2A2 /* WeatherBrickUnitTests.swift */; };
		9CDF277B1D09FD14A1450E11 /* Pods_WeatherBrick.framework in Frameworks */ = {isa = PBXBuildFile; fileRef = 3638B9969C5E123B2370C120 /* Pods_WeatherBrick.framework */; };
		A3475EFF273305F200BF5E86 /* AppDelegate.swift in Sources */ = {isa = PBXBuildFile; fileRef = A3475EFE273305F200BF5E86 /* AppDelegate.swift */; };
		A3475F01273305F200BF5E86 /* MainViewController.swift in Sources */ = {isa = PBXBuildFile; fileRef = A3475F00273305F200BF5E86 /* MainViewController.swift */; };
		A3475F04273305F200BF5E86 /* Main.storyboard in Resources */ = {isa = PBXBuildFile; fileRef = A3475F02273305F200BF5E86 /* Main.storyboard */; };
		A3475F06273305F400BF5E86 /* Assets.xcassets in Resources */ = {isa = PBXBuildFile; fileRef = A3475F05273305F400BF5E86 /* Assets.xcassets */; };
		A3475F09273305F400BF5E86 /* LaunchScreen.storyboard in Resources */ = {isa = PBXBuildFile; fileRef = A3475F07273305F400BF5E86 /* LaunchScreen.storyboard */; };
		A3ACF2E1273847B000CEE97C /* SF-Pro-Display-Light.otf in Resources */ = {isa = PBXBuildFile; fileRef = A3ACF2E0273847B000CEE97C /* SF-Pro-Display-Light.otf */; };
		A3ACF2E3273847B800CEE97C /* SF-Pro-Display-Semibold.otf in Resources */ = {isa = PBXBuildFile; fileRef = A3ACF2E2273847B800CEE97C /* SF-Pro-Display-Semibold.otf */; };
		A3ACF2E727384B9800CEE97C /* Localizable.strings in Resources */ = {isa = PBXBuildFile; fileRef = A3ACF2E627384B9800CEE97C /* Localizable.strings */; };
/* End PBXBuildFile section */

/* Begin PBXContainerItemProxy section */
		405E72AB2A8446E200A78651 /* PBXContainerItemProxy */ = {
			isa = PBXContainerItemProxy;
			containerPortal = A3475EF3273305F200BF5E86 /* Project object */;
			proxyType = 1;
			remoteGlobalIDString = A3475EFA273305F200BF5E86;
			remoteInfo = WeatherBrick;
		};
/* End PBXContainerItemProxy section */

/* Begin PBXFileReference section */
		1A9FE00F88DFD2A0A78C58AA /* Pods-WeatherBrick-WeatherBrickUITests.debug.xcconfig */ = {isa = PBXFileReference; includeInIndex = 1; lastKnownFileType = text.xcconfig; name = "Pods-WeatherBrick-WeatherBrickUITests.debug.xcconfig"; path = "Target Support Files/Pods-WeatherBrick-WeatherBrickUITests/Pods-WeatherBrick-WeatherBrickUITests.debug.xcconfig"; sourceTree = "<group>"; };
		206A1650F607661D584CC0F5 /* Pods_WeatherBrickTests.framework */ = {isa = PBXFileReference; explicitFileType = wrapper.framework; includeInIndex = 0; path = Pods_WeatherBrickTests.framework; sourceTree = BUILT_PRODUCTS_DIR; };
		3638B9969C5E123B2370C120 /* Pods_WeatherBrick.framework */ = {isa = PBXFileReference; explicitFileType = wrapper.framework; includeInIndex = 0; path = Pods_WeatherBrick.framework; sourceTree = BUILT_PRODUCTS_DIR; };
		400F7A362A7C3DB200F6D49F /* LocationManager.swift */ = {isa = PBXFileReference; lastKnownFileType = sourcecode.swift; path = LocationManager.swift; sourceTree = "<group>"; };
		400F7A7C2A7C575700F6D49F /* MyLocation.swift */ = {isa = PBXFileReference; lastKnownFileType = sourcecode.swift; path = MyLocation.swift; sourceTree = "<group>"; };
		402BB0BC2A798C110093B4E4 /* WeatherManager.swift */ = {isa = PBXFileReference; lastKnownFileType = sourcecode.swift; path = WeatherManager.swift; sourceTree = "<group>"; };
		405E72A72A8446E200A78651 /* WeatherBrickTests.xctest */ = {isa = PBXFileReference; explicitFileType = wrapper.cfbundle; includeInIndex = 0; path = WeatherBrickTests.xctest; sourceTree = BUILT_PRODUCTS_DIR; };
		405E72A92A8446E200A78651 /* WeatherBrickTests.swift */ = {isa = PBXFileReference; lastKnownFileType = sourcecode.swift; path = WeatherBrickTests.swift; sourceTree = "<group>"; };
		4090DF5A2A7004450050C782 /* Podfile */ = {isa = PBXFileReference; fileEncoding = 4; lastKnownFileType = text; path = Podfile; sourceTree = "<group>"; };
		4090DFA92A7153090050C782 /* Weather.swift */ = {isa = PBXFileReference; fileEncoding = 4; lastKnownFileType = sourcecode.swift; path = Weather.swift; sourceTree = "<group>"; };
		4090DFAA2A7153090050C782 /* Main.swift */ = {isa = PBXFileReference; fileEncoding = 4; lastKnownFileType = sourcecode.swift; path = Main.swift; sourceTree = "<group>"; };
		4090DFAB2A7153090050C782 /* Clouds.swift */ = {isa = PBXFileReference; fileEncoding = 4; lastKnownFileType = sourcecode.swift; path = Clouds.swift; sourceTree = "<group>"; };
		4090DFAC2A7153090050C782 /* Sys.swift */ = {isa = PBXFileReference; fileEncoding = 4; lastKnownFileType = sourcecode.swift; path = Sys.swift; sourceTree = "<group>"; };
		4090DFAD2A7153090050C782 /* Wind.swift */ = {isa = PBXFileReference; fileEncoding = 4; lastKnownFileType = sourcecode.swift; path = Wind.swift; sourceTree = "<group>"; };
		4090DFAE2A7153090050C782 /* WeatherData.swift */ = {isa = PBXFileReference; fileEncoding = 4; lastKnownFileType = sourcecode.swift; path = WeatherData.swift; sourceTree = "<group>"; };
		4090DFAF2A7153090050C782 /* Coord.swift */ = {isa = PBXFileReference; fileEncoding = 4; lastKnownFileType = sourcecode.swift; path = Coord.swift; sourceTree = "<group>"; };
		4090DFB82A71A7CD0050C782 /* StoneType.swift */ = {isa = PBXFileReference; lastKnownFileType = sourcecode.swift; path = StoneType.swift; sourceTree = "<group>"; };
		4090DFBF2A76B6D20050C782 /* NetworkManager.swift */ = {isa = PBXFileReference; lastKnownFileType = sourcecode.swift; path = NetworkManager.swift; sourceTree = "<group>"; };
		4096E8162A6FDC7A00D8DBB6 /* InfoViewController.swift */ = {isa = PBXFileReference; lastKnownFileType = sourcecode.swift; path = InfoViewController.swift; sourceTree = "<group>"; };
		40AC5D452A854BB500AAF2A2 /* WeatherBrickUnitTests.swift */ = {isa = PBXFileReference; lastKnownFileType = sourcecode.swift; path = WeatherBrickUnitTests.swift; sourceTree = "<group>"; };
		478F70A8A3A0EAFCBE3B94F7 /* Pods-WeatherBrick.debug.xcconfig */ = {isa = PBXFileReference; includeInIndex = 1; lastKnownFileType = text.xcconfig; name = "Pods-WeatherBrick.debug.xcconfig"; path = "Target Support Files/Pods-WeatherBrick/Pods-WeatherBrick.debug.xcconfig"; sourceTree = "<group>"; };
		547465F59511F29C2930369F /* Pods-WeatherBrick-WeatherBrickUITests.release.xcconfig */ = {isa = PBXFileReference; includeInIndex = 1; lastKnownFileType = text.xcconfig; name = "Pods-WeatherBrick-WeatherBrickUITests.release.xcconfig"; path = "Target Support Files/Pods-WeatherBrick-WeatherBrickUITests/Pods-WeatherBrick-WeatherBrickUITests.release.xcconfig"; sourceTree = "<group>"; };
		6A4561F28C51BA497F2F29C3 /* Pods_WeatherBrick_WeatherBrickUITests.framework */ = {isa = PBXFileReference; explicitFileType = wrapper.framework; includeInIndex = 0; path = Pods_WeatherBrick_WeatherBrickUITests.framework; sourceTree = BUILT_PRODUCTS_DIR; };
		6B436E75954F75E45D05587C /* Pods-WeatherBrick.release.xcconfig */ = {isa = PBXFileReference; includeInIndex = 1; lastKnownFileType = text.xcconfig; name = "Pods-WeatherBrick.release.xcconfig"; path = "Target Support Files/Pods-WeatherBrick/Pods-WeatherBrick.release.xcconfig"; sourceTree = "<group>"; };
		825197C6F5C6216803039B6B /* Pods-WeatherBrickTests.release.xcconfig */ = {isa = PBXFileReference; includeInIndex = 1; lastKnownFileType = text.xcconfig; name = "Pods-WeatherBrickTests.release.xcconfig"; path = "Target Support Files/Pods-WeatherBrickTests/Pods-WeatherBrickTests.release.xcconfig"; sourceTree = "<group>"; };
		9660D624408CCC1C44FD8394 /* Pods-WeatherBrickTests.debug.xcconfig */ = {isa = PBXFileReference; includeInIndex = 1; lastKnownFileType = text.xcconfig; name = "Pods-WeatherBrickTests.debug.xcconfig"; path = "Target Support Files/Pods-WeatherBrickTests/Pods-WeatherBrickTests.debug.xcconfig"; sourceTree = "<group>"; };
		A3475EFB273305F200BF5E86 /* WeatherBrick.app */ = {isa = PBXFileReference; explicitFileType = wrapper.application; includeInIndex = 0; path = WeatherBrick.app; sourceTree = BUILT_PRODUCTS_DIR; };
		A3475EFE273305F200BF5E86 /* AppDelegate.swift */ = {isa = PBXFileReference; lastKnownFileType = sourcecode.swift; path = AppDelegate.swift; sourceTree = "<group>"; };
		A3475F00273305F200BF5E86 /* MainViewController.swift */ = {isa = PBXFileReference; lastKnownFileType = sourcecode.swift; path = MainViewController.swift; sourceTree = "<group>"; };
		A3475F03273305F200BF5E86 /* Base */ = {isa = PBXFileReference; lastKnownFileType = file.storyboard; name = Base; path = Base.lproj/Main.storyboard; sourceTree = "<group>"; };
		A3475F05273305F400BF5E86 /* Assets.xcassets */ = {isa = PBXFileReference; lastKnownFileType = folder.assetcatalog; path = Assets.xcassets; sourceTree = "<group>"; };
		A3475F08273305F400BF5E86 /* Base */ = {isa = PBXFileReference; lastKnownFileType = file.storyboard; name = Base; path = Base.lproj/LaunchScreen.storyboard; sourceTree = "<group>"; };
		A3475F0A273305F400BF5E86 /* Info.plist */ = {isa = PBXFileReference; lastKnownFileType = text.plist.xml; path = Info.plist; sourceTree = "<group>"; };
		A3ACF2E0273847B000CEE97C /* SF-Pro-Display-Light.otf */ = {isa = PBXFileReference; lastKnownFileType = file; path = "SF-Pro-Display-Light.otf"; sourceTree = "<group>"; };
		A3ACF2E2273847B800CEE97C /* SF-Pro-Display-Semibold.otf */ = {isa = PBXFileReference; lastKnownFileType = file; path = "SF-Pro-Display-Semibold.otf"; sourceTree = "<group>"; };
		A3ACF2E627384B9800CEE97C /* Localizable.strings */ = {isa = PBXFileReference; lastKnownFileType = text.plist.strings; path = Localizable.strings; sourceTree = "<group>"; };
/* End PBXFileReference section */

/* Begin PBXFrameworksBuildPhase section */
		405E72A42A8446E200A78651 /* Frameworks */ = {
			isa = PBXFrameworksBuildPhase;
			buildActionMask = 2147483647;
			files = (
				405E72B22A84470700A78651 /* SnapshotTesting in Frameworks */,
			);
			runOnlyForDeploymentPostprocessing = 0;
		};
		A3475EF8273305F200BF5E86 /* Frameworks */ = {
			isa = PBXFrameworksBuildPhase;
			buildActionMask = 2147483647;
			files = (
				9CDF277B1D09FD14A1450E11 /* Pods_WeatherBrick.framework in Frameworks */,
			);
			runOnlyForDeploymentPostprocessing = 0;
		};
/* End PBXFrameworksBuildPhase section */

/* Begin PBXGroup section */
		348037360C3EE2C431D05C7A /* Pods */ = {
			isa = PBXGroup;
			children = (
				478F70A8A3A0EAFCBE3B94F7 /* Pods-WeatherBrick.debug.xcconfig */,
				6B436E75954F75E45D05587C /* Pods-WeatherBrick.release.xcconfig */,
				1A9FE00F88DFD2A0A78C58AA /* Pods-WeatherBrick-WeatherBrickUITests.debug.xcconfig */,
				547465F59511F29C2930369F /* Pods-WeatherBrick-WeatherBrickUITests.release.xcconfig */,
				9660D624408CCC1C44FD8394 /* Pods-WeatherBrickTests.debug.xcconfig */,
				825197C6F5C6216803039B6B /* Pods-WeatherBrickTests.release.xcconfig */,
			);
			path = Pods;
			sourceTree = "<group>";
		};
		405E72A82A8446E200A78651 /* WeatherBrickTests */ = {
			isa = PBXGroup;
			children = (
				405E72A92A8446E200A78651 /* WeatherBrickTests.swift */,
				40AC5D452A854BB500AAF2A2 /* WeatherBrickUnitTests.swift */,
			);
			path = WeatherBrickTests;
			sourceTree = "<group>";
		};
		4090DFA62A7152D30050C782 /* Controller */ = {
			isa = PBXGroup;
			children = (
				A3475F00273305F200BF5E86 /* MainViewController.swift */,
				4096E8162A6FDC7A00D8DBB6 /* InfoViewController.swift */,
			);
			path = Controller;
			sourceTree = "<group>";
		};
		4090DFA72A7152EA0050C782 /* View */ = {
			isa = PBXGroup;
			children = (
				A3475F02273305F200BF5E86 /* Main.storyboard */,
			);
			name = View;
			sourceTree = "<group>";
		};
		4090DFA82A7152F50050C782 /* Model */ = {
			isa = PBXGroup;
			children = (
				4090DFB72A7168A10050C782 /* WeatherData */,
				4090DFB82A71A7CD0050C782 /* StoneType.swift */,
				400F7A7C2A7C575700F6D49F /* MyLocation.swift */,
				400F7A362A7C3DB200F6D49F /* LocationManager.swift */,
				4090DFBF2A76B6D20050C782 /* NetworkManager.swift */,
				402BB0BC2A798C110093B4E4 /* WeatherManager.swift */,
			);
			name = Model;
			sourceTree = "<group>";
		};
		4090DFB72A7168A10050C782 /* WeatherData */ = {
			isa = PBXGroup;
			children = (
				4090DFAB2A7153090050C782 /* Clouds.swift */,
				4090DFAF2A7153090050C782 /* Coord.swift */,
				4090DFAE2A7153090050C782 /* WeatherData.swift */,
				4090DFAA2A7153090050C782 /* Main.swift */,
				4090DFAC2A7153090050C782 /* Sys.swift */,
				4090DFA92A7153090050C782 /* Weather.swift */,
				4090DFAD2A7153090050C782 /* Wind.swift */,
			);
			name = WeatherData;
			sourceTree = "<group>";
		};
		68D290A86F4F718055AEDA84 /* Frameworks */ = {
			isa = PBXGroup;
			children = (
				3638B9969C5E123B2370C120 /* Pods_WeatherBrick.framework */,
				6A4561F28C51BA497F2F29C3 /* Pods_WeatherBrick_WeatherBrickUITests.framework */,
				206A1650F607661D584CC0F5 /* Pods_WeatherBrickTests.framework */,
			);
			name = Frameworks;
			sourceTree = "<group>";
		};
		A3475EF2273305F200BF5E86 = {
			isa = PBXGroup;
			children = (
				4090DF5A2A7004450050C782 /* Podfile */,
				A3475EFD273305F200BF5E86 /* WeatherBrick */,
				405E72A82A8446E200A78651 /* WeatherBrickTests */,
				A3475EFC273305F200BF5E86 /* Products */,
				348037360C3EE2C431D05C7A /* Pods */,
				68D290A86F4F718055AEDA84 /* Frameworks */,
			);
			sourceTree = "<group>";
		};
		A3475EFC273305F200BF5E86 /* Products */ = {
			isa = PBXGroup;
			children = (
				A3475EFB273305F200BF5E86 /* WeatherBrick.app */,
				405E72A72A8446E200A78651 /* WeatherBrickTests.xctest */,
			);
			name = Products;
			sourceTree = "<group>";
		};
		A3475EFD273305F200BF5E86 /* WeatherBrick */ = {
			isa = PBXGroup;
			children = (
				4090DFA82A7152F50050C782 /* Model */,
				4090DFA72A7152EA0050C782 /* View */,
				4090DFA62A7152D30050C782 /* Controller */,
				A3ACF2E4273847C600CEE97C /* Resources */,
				A3ACF2DE27383B7400CEE97C /* Supporting Files */,
			);
			path = WeatherBrick;
			sourceTree = "<group>";
		};
		A3ACF2DE27383B7400CEE97C /* Supporting Files */ = {
			isa = PBXGroup;
			children = (
				A3475EFE273305F200BF5E86 /* AppDelegate.swift */,
				A3475F07273305F400BF5E86 /* LaunchScreen.storyboard */,
				A3475F0A273305F400BF5E86 /* Info.plist */,
			);
			name = "Supporting Files";
			sourceTree = "<group>";
		};
		A3ACF2DF2738479300CEE97C /* Fonts */ = {
			isa = PBXGroup;
			children = (
				A3ACF2E0273847B000CEE97C /* SF-Pro-Display-Light.otf */,
				A3ACF2E2273847B800CEE97C /* SF-Pro-Display-Semibold.otf */,
			);
			path = Fonts;
			sourceTree = "<group>";
		};
		A3ACF2E4273847C600CEE97C /* Resources */ = {
			isa = PBXGroup;
			children = (
				A3475F05273305F400BF5E86 /* Assets.xcassets */,
				A3ACF2DF2738479300CEE97C /* Fonts */,
				A3ACF2E627384B9800CEE97C /* Localizable.strings */,
			);
			name = Resources;
			sourceTree = "<group>";
		};
/* End PBXGroup section */

/* Begin PBXNativeTarget section */
		405E72A62A8446E200A78651 /* WeatherBrickTests */ = {
			isa = PBXNativeTarget;
			buildConfigurationList = 405E72AF2A8446E200A78651 /* Build configuration list for PBXNativeTarget "WeatherBrickTests" */;
			buildPhases = (
				405E72A32A8446E200A78651 /* Sources */,
				405E72A42A8446E200A78651 /* Frameworks */,
				405E72A52A8446E200A78651 /* Resources */,
			);
			buildRules = (
			);
			dependencies = (
				405E72AC2A8446E200A78651 /* PBXTargetDependency */,
			);
			name = WeatherBrickTests;
			packageProductDependencies = (
				405E72B12A84470700A78651 /* SnapshotTesting */,
			);
			productName = WeatherBrickTests;
			productReference = 405E72A72A8446E200A78651 /* WeatherBrickTests.xctest */;
			productType = "com.apple.product-type.bundle.unit-test";
		};
		A3475EFA273305F200BF5E86 /* WeatherBrick */ = {
			isa = PBXNativeTarget;
			buildConfigurationList = A3475F23273305F400BF5E86 /* Build configuration list for PBXNativeTarget "WeatherBrick" */;
			buildPhases = (
				2930BBAF239320BEBE650C2C /* [CP] Check Pods Manifest.lock */,
				A3ACF2E5273848AB00CEE97C /* SwiftLint */,
				A3475EF7273305F200BF5E86 /* Sources */,
				A3475EF8273305F200BF5E86 /* Frameworks */,
				A3475EF9273305F200BF5E86 /* Resources */,
				FF0083819B8D0D800655FC30 /* [CP] Embed Pods Frameworks */,
			);
			buildRules = (
			);
			dependencies = (
			);
			name = WeatherBrick;
			productName = WeatherBrick;
			productReference = A3475EFB273305F200BF5E86 /* WeatherBrick.app */;
			productType = "com.apple.product-type.application";
		};
/* End PBXNativeTarget section */

/* Begin PBXProject section */
		A3475EF3273305F200BF5E86 /* Project object */ = {
			isa = PBXProject;
			attributes = {
				LastSwiftUpdateCheck = 1430;
				LastUpgradeCheck = 0940;
				ORGANIZATIONNAME = VAndrJ;
				TargetAttributes = {
					405E72A62A8446E200A78651 = {
						CreatedOnToolsVersion = 14.3;
						TestTargetID = A3475EFA273305F200BF5E86;
					};
					A3475EFA273305F200BF5E86 = {
						CreatedOnToolsVersion = 9.4.1;
					};
				};
			};
			buildConfigurationList = A3475EF6273305F200BF5E86 /* Build configuration list for PBXProject "WeatherBrick" */;
			compatibilityVersion = "Xcode 9.3";
			developmentRegion = en;
			hasScannedForEncodings = 0;
			knownRegions = (
				en,
				Base,
			);
			mainGroup = A3475EF2273305F200BF5E86;
			packageReferences = (
				405E72B02A84470700A78651 /* XCRemoteSwiftPackageReference "swift-snapshot-testing" */,
			);
			productRefGroup = A3475EFC273305F200BF5E86 /* Products */;
			projectDirPath = "";
			projectRoot = "";
			targets = (
				A3475EFA273305F200BF5E86 /* WeatherBrick */,
				405E72A62A8446E200A78651 /* WeatherBrickTests */,
			);
		};
/* End PBXProject section */

/* Begin PBXResourcesBuildPhase section */
		405E72A52A8446E200A78651 /* Resources */ = {
			isa = PBXResourcesBuildPhase;
			buildActionMask = 2147483647;
			files = (
			);
			runOnlyForDeploymentPostprocessing = 0;
		};
		A3475EF9273305F200BF5E86 /* Resources */ = {
			isa = PBXResourcesBuildPhase;
			buildActionMask = 2147483647;
			files = (
				A3475F09273305F400BF5E86 /* LaunchScreen.storyboard in Resources */,
				A3ACF2E727384B9800CEE97C /* Localizable.strings in Resources */,
				A3475F06273305F400BF5E86 /* Assets.xcassets in Resources */,
				A3ACF2E3273847B800CEE97C /* SF-Pro-Display-Semibold.otf in Resources */,
				A3ACF2E1273847B000CEE97C /* SF-Pro-Display-Light.otf in Resources */,
				4090DF5B2A7004450050C782 /* Podfile in Resources */,
				A3475F04273305F200BF5E86 /* Main.storyboard in Resources */,
			);
			runOnlyForDeploymentPostprocessing = 0;
		};
/* End PBXResourcesBuildPhase section */

/* Begin PBXShellScriptBuildPhase section */
		2930BBAF239320BEBE650C2C /* [CP] Check Pods Manifest.lock */ = {
			isa = PBXShellScriptBuildPhase;
			buildActionMask = 2147483647;
			files = (
			);
			inputFileListPaths = (
			);
			inputPaths = (
				"${PODS_PODFILE_DIR_PATH}/Podfile.lock",
				"${PODS_ROOT}/Manifest.lock",
			);
			name = "[CP] Check Pods Manifest.lock";
			outputFileListPaths = (
			);
			outputPaths = (
				"$(DERIVED_FILE_DIR)/Pods-WeatherBrick-checkManifestLockResult.txt",
			);
			runOnlyForDeploymentPostprocessing = 0;
			shellPath = /bin/sh;
			shellScript = "diff \"${PODS_PODFILE_DIR_PATH}/Podfile.lock\" \"${PODS_ROOT}/Manifest.lock\" > /dev/null\nif [ $? != 0 ] ; then\n    # print error to STDERR\n    echo \"error: The sandbox is not in sync with the Podfile.lock. Run 'pod install' or update your CocoaPods installation.\" >&2\n    exit 1\nfi\n# This output is used by Xcode 'outputs' to avoid re-running this script phase.\necho \"SUCCESS\" > \"${SCRIPT_OUTPUT_FILE_0}\"\n";
			showEnvVarsInLog = 0;
		};
		A3ACF2E5273848AB00CEE97C /* SwiftLint */ = {
			isa = PBXShellScriptBuildPhase;
			buildActionMask = 2147483647;
			files = (
			);
			inputFileListPaths = (
			);
			inputPaths = (
			);
			name = SwiftLint;
			outputFileListPaths = (
			);
			outputPaths = (
			);
			runOnlyForDeploymentPostprocessing = 0;
			shellPath = /bin/sh;
			shellScript = "export PATH=\"$PATH:/opt/homebrew/bin\"\n\nif which swiftlint >/dev/null; then\n  swiftlint\nelse\n  echo \"warning: SwiftLint not installed, download from https://github.com/realm/SwiftLint\"\nfi\n";
		};
		FF0083819B8D0D800655FC30 /* [CP] Embed Pods Frameworks */ = {
			isa = PBXShellScriptBuildPhase;
			buildActionMask = 2147483647;
			files = (
			);
			inputFileListPaths = (
				"${PODS_ROOT}/Target Support Files/Pods-WeatherBrick/Pods-WeatherBrick-frameworks-${CONFIGURATION}-input-files.xcfilelist",
			);
			name = "[CP] Embed Pods Frameworks";
			outputFileListPaths = (
				"${PODS_ROOT}/Target Support Files/Pods-WeatherBrick/Pods-WeatherBrick-frameworks-${CONFIGURATION}-output-files.xcfilelist",
			);
			runOnlyForDeploymentPostprocessing = 0;
			shellPath = /bin/sh;
			shellScript = "\"${PODS_ROOT}/Target Support Files/Pods-WeatherBrick/Pods-WeatherBrick-frameworks.sh\"\n";
			showEnvVarsInLog = 0;
		};
/* End PBXShellScriptBuildPhase section */

/* Begin PBXSourcesBuildPhase section */
		405E72A32A8446E200A78651 /* Sources */ = {
			isa = PBXSourcesBuildPhase;
			buildActionMask = 2147483647;
			files = (
				40AC5D462A854BB500AAF2A2 /* WeatherBrickUnitTests.swift in Sources */,
				405E72AA2A8446E200A78651 /* WeatherBrickTests.swift in Sources */,
			);
			runOnlyForDeploymentPostprocessing = 0;
		};
		A3475EF7273305F200BF5E86 /* Sources */ = {
			isa = PBXSourcesBuildPhase;
			buildActionMask = 2147483647;
			files = (
				4090DFB12A71530A0050C782 /* Main.swift in Sources */,
				4090DFB62A71530A0050C782 /* Coord.swift in Sources */,
				4090DFB32A71530A0050C782 /* Sys.swift in Sources */,
				400F7A372A7C3DB200F6D49F /* LocationManager.swift in Sources */,
				4090DFB52A71530A0050C782 /* WeatherData.swift in Sources */,
				4090DFB92A71A7CD0050C782 /* StoneType.swift in Sources */,
				400F7A7D2A7C575700F6D49F /* MyLocation.swift in Sources */,
				4090DFB02A71530A0050C782 /* Weather.swift in Sources */,
				A3475F01273305F200BF5E86 /* MainViewController.swift in Sources */,
				4090DFB22A71530A0050C782 /* Clouds.swift in Sources */,
				4090DFC02A76B6D20050C782 /* NetworkManager.swift in Sources */,
				4096E8172A6FDC7A00D8DBB6 /* InfoViewController.swift in Sources */,
				402BB0BD2A798C110093B4E4 /* WeatherManager.swift in Sources */,
				A3475EFF273305F200BF5E86 /* AppDelegate.swift in Sources */,
				4090DFB42A71530A0050C782 /* Wind.swift in Sources */,
			);
			runOnlyForDeploymentPostprocessing = 0;
		};
/* End PBXSourcesBuildPhase section */

/* Begin PBXTargetDependency section */
		405E72AC2A8446E200A78651 /* PBXTargetDependency */ = {
			isa = PBXTargetDependency;
			target = A3475EFA273305F200BF5E86 /* WeatherBrick */;
			targetProxy = 405E72AB2A8446E200A78651 /* PBXContainerItemProxy */;
		};
/* End PBXTargetDependency section */

/* Begin PBXVariantGroup section */
		A3475F02273305F200BF5E86 /* Main.storyboard */ = {
			isa = PBXVariantGroup;
			children = (
				A3475F03273305F200BF5E86 /* Base */,
			);
			name = Main.storyboard;
			sourceTree = "<group>";
		};
		A3475F07273305F400BF5E86 /* LaunchScreen.storyboard */ = {
			isa = PBXVariantGroup;
			children = (
				A3475F08273305F400BF5E86 /* Base */,
			);
			name = LaunchScreen.storyboard;
			sourceTree = "<group>";
		};
/* End PBXVariantGroup section */

/* Begin XCBuildConfiguration section */
		405E72AD2A8446E200A78651 /* Debug */ = {
			isa = XCBuildConfiguration;
			buildSettings = {
				BUNDLE_LOADER = "$(TEST_HOST)";
				CLANG_CXX_LANGUAGE_STANDARD = "gnu++20";
				CLANG_WARN_QUOTED_INCLUDE_IN_FRAMEWORK_HEADER = YES;
				CODE_SIGN_STYLE = Automatic;
				CURRENT_PROJECT_VERSION = 1;
				DEVELOPMENT_TEAM = MZQ6ZJQYAL;
				GENERATE_INFOPLIST_FILE = YES;
				IPHONEOS_DEPLOYMENT_TARGET = 16.4;
				MARKETING_VERSION = 1.0;
				MTL_ENABLE_DEBUG_INFO = INCLUDE_SOURCE;
				MTL_FAST_MATH = YES;
				PRODUCT_BUNDLE_IDENTIFIER = com.shablii.WeatherBrickTests;
				PRODUCT_NAME = "$(TARGET_NAME)";
				SWIFT_EMIT_LOC_STRINGS = NO;
				SWIFT_VERSION = 5.0;
				TARGETED_DEVICE_FAMILY = "1,2";
				TEST_HOST = "$(BUILT_PRODUCTS_DIR)/WeatherBrick.app/$(BUNDLE_EXECUTABLE_FOLDER_PATH)/WeatherBrick";
			};
			name = Debug;
		};
		405E72AE2A8446E200A78651 /* Release */ = {
			isa = XCBuildConfiguration;
			buildSettings = {
				BUNDLE_LOADER = "$(TEST_HOST)";
				CLANG_CXX_LANGUAGE_STANDARD = "gnu++20";
				CLANG_WARN_QUOTED_INCLUDE_IN_FRAMEWORK_HEADER = YES;
				CODE_SIGN_STYLE = Automatic;
				CURRENT_PROJECT_VERSION = 1;
				DEVELOPMENT_TEAM = MZQ6ZJQYAL;
				GENERATE_INFOPLIST_FILE = YES;
				IPHONEOS_DEPLOYMENT_TARGET = 16.4;
				MARKETING_VERSION = 1.0;
				MTL_FAST_MATH = YES;
				PRODUCT_BUNDLE_IDENTIFIER = com.shablii.WeatherBrickTests;
				PRODUCT_NAME = "$(TARGET_NAME)";
				SWIFT_EMIT_LOC_STRINGS = NO;
				SWIFT_VERSION = 5.0;
				TARGETED_DEVICE_FAMILY = "1,2";
				TEST_HOST = "$(BUILT_PRODUCTS_DIR)/WeatherBrick.app/$(BUNDLE_EXECUTABLE_FOLDER_PATH)/WeatherBrick";
			};
			name = Release;
		};
		A3475F21273305F400BF5E86 /* Debug */ = {
			isa = XCBuildConfiguration;
			buildSettings = {
				ALWAYS_SEARCH_USER_PATHS = NO;
				CLANG_ANALYZER_NONNULL = YES;
				CLANG_ANALYZER_NUMBER_OBJECT_CONVERSION = YES_AGGRESSIVE;
				CLANG_CXX_LANGUAGE_STANDARD = "gnu++14";
				CLANG_CXX_LIBRARY = "libc++";
				CLANG_ENABLE_MODULES = YES;
				CLANG_ENABLE_OBJC_ARC = YES;
				CLANG_ENABLE_OBJC_WEAK = YES;
				CLANG_WARN_BLOCK_CAPTURE_AUTORELEASING = YES;
				CLANG_WARN_BOOL_CONVERSION = YES;
				CLANG_WARN_COMMA = YES;
				CLANG_WARN_CONSTANT_CONVERSION = YES;
				CLANG_WARN_DEPRECATED_OBJC_IMPLEMENTATIONS = YES;
				CLANG_WARN_DIRECT_OBJC_ISA_USAGE = YES_ERROR;
				CLANG_WARN_DOCUMENTATION_COMMENTS = YES;
				CLANG_WARN_EMPTY_BODY = YES;
				CLANG_WARN_ENUM_CONVERSION = YES;
				CLANG_WARN_INFINITE_RECURSION = YES;
				CLANG_WARN_INT_CONVERSION = YES;
				CLANG_WARN_NON_LITERAL_NULL_CONVERSION = YES;
				CLANG_WARN_OBJC_IMPLICIT_RETAIN_SELF = YES;
				CLANG_WARN_OBJC_LITERAL_CONVERSION = YES;
				CLANG_WARN_OBJC_ROOT_CLASS = YES_ERROR;
				CLANG_WARN_RANGE_LOOP_ANALYSIS = YES;
				CLANG_WARN_STRICT_PROTOTYPES = YES;
				CLANG_WARN_SUSPICIOUS_MOVE = YES;
				CLANG_WARN_UNGUARDED_AVAILABILITY = YES_AGGRESSIVE;
				CLANG_WARN_UNREACHABLE_CODE = YES;
				CLANG_WARN__DUPLICATE_METHOD_MATCH = YES;
				CODE_SIGN_IDENTITY = "iPhone Developer";
				COPY_PHASE_STRIP = NO;
				DEBUG_INFORMATION_FORMAT = dwarf;
				ENABLE_STRICT_OBJC_MSGSEND = YES;
				ENABLE_TESTABILITY = YES;
				GCC_C_LANGUAGE_STANDARD = gnu11;
				GCC_DYNAMIC_NO_PIC = NO;
				GCC_NO_COMMON_BLOCKS = YES;
				GCC_OPTIMIZATION_LEVEL = 0;
				GCC_PREPROCESSOR_DEFINITIONS = (
					"DEBUG=1",
					"$(inherited)",
				);
				GCC_WARN_64_TO_32_BIT_CONVERSION = YES;
				GCC_WARN_ABOUT_RETURN_TYPE = YES_ERROR;
				GCC_WARN_UNDECLARED_SELECTOR = YES;
				GCC_WARN_UNINITIALIZED_AUTOS = YES_AGGRESSIVE;
				GCC_WARN_UNUSED_FUNCTION = YES;
				GCC_WARN_UNUSED_VARIABLE = YES;
				IPHONEOS_DEPLOYMENT_TARGET = 11.4;
				MTL_ENABLE_DEBUG_INFO = YES;
				ONLY_ACTIVE_ARCH = YES;
				SDKROOT = iphoneos;
				SWIFT_ACTIVE_COMPILATION_CONDITIONS = DEBUG;
				SWIFT_OPTIMIZATION_LEVEL = "-Onone";
			};
			name = Debug;
		};
		A3475F22273305F400BF5E86 /* Release */ = {
			isa = XCBuildConfiguration;
			buildSettings = {
				ALWAYS_SEARCH_USER_PATHS = NO;
				CLANG_ANALYZER_NONNULL = YES;
				CLANG_ANALYZER_NUMBER_OBJECT_CONVERSION = YES_AGGRESSIVE;
				CLANG_CXX_LANGUAGE_STANDARD = "gnu++14";
				CLANG_CXX_LIBRARY = "libc++";
				CLANG_ENABLE_MODULES = YES;
				CLANG_ENABLE_OBJC_ARC = YES;
				CLANG_ENABLE_OBJC_WEAK = YES;
				CLANG_WARN_BLOCK_CAPTURE_AUTORELEASING = YES;
				CLANG_WARN_BOOL_CONVERSION = YES;
				CLANG_WARN_COMMA = YES;
				CLANG_WARN_CONSTANT_CONVERSION = YES;
				CLANG_WARN_DEPRECATED_OBJC_IMPLEMENTATIONS = YES;
				CLANG_WARN_DIRECT_OBJC_ISA_USAGE = YES_ERROR;
				CLANG_WARN_DOCUMENTATION_COMMENTS = YES;
				CLANG_WARN_EMPTY_BODY = YES;
				CLANG_WARN_ENUM_CONVERSION = YES;
				CLANG_WARN_INFINITE_RECURSION = YES;
				CLANG_WARN_INT_CONVERSION = YES;
				CLANG_WARN_NON_LITERAL_NULL_CONVERSION = YES;
				CLANG_WARN_OBJC_IMPLICIT_RETAIN_SELF = YES;
				CLANG_WARN_OBJC_LITERAL_CONVERSION = YES;
				CLANG_WARN_OBJC_ROOT_CLASS = YES_ERROR;
				CLANG_WARN_RANGE_LOOP_ANALYSIS = YES;
				CLANG_WARN_STRICT_PROTOTYPES = YES;
				CLANG_WARN_SUSPICIOUS_MOVE = YES;
				CLANG_WARN_UNGUARDED_AVAILABILITY = YES_AGGRESSIVE;
				CLANG_WARN_UNREACHABLE_CODE = YES;
				CLANG_WARN__DUPLICATE_METHOD_MATCH = YES;
				CODE_SIGN_IDENTITY = "iPhone Developer";
				COPY_PHASE_STRIP = NO;
				DEBUG_INFORMATION_FORMAT = "dwarf-with-dsym";
				ENABLE_NS_ASSERTIONS = NO;
				ENABLE_STRICT_OBJC_MSGSEND = YES;
				GCC_C_LANGUAGE_STANDARD = gnu11;
				GCC_NO_COMMON_BLOCKS = YES;
				GCC_WARN_64_TO_32_BIT_CONVERSION = YES;
				GCC_WARN_ABOUT_RETURN_TYPE = YES_ERROR;
				GCC_WARN_UNDECLARED_SELECTOR = YES;
				GCC_WARN_UNINITIALIZED_AUTOS = YES_AGGRESSIVE;
				GCC_WARN_UNUSED_FUNCTION = YES;
				GCC_WARN_UNUSED_VARIABLE = YES;
				IPHONEOS_DEPLOYMENT_TARGET = 11.4;
				MTL_ENABLE_DEBUG_INFO = NO;
				SDKROOT = iphoneos;
				SWIFT_COMPILATION_MODE = wholemodule;
				SWIFT_OPTIMIZATION_LEVEL = "-O";
				VALIDATE_PRODUCT = YES;
			};
			name = Release;
		};
		A3475F24273305F400BF5E86 /* Debug */ = {
			isa = XCBuildConfiguration;
			baseConfigurationReference = 478F70A8A3A0EAFCBE3B94F7 /* Pods-WeatherBrick.debug.xcconfig */;
			buildSettings = {
				ASSETCATALOG_COMPILER_APPICON_NAME = AppIcon;
				CODE_SIGN_STYLE = Automatic;
				INFOPLIST_FILE = WeatherBrick/Info.plist;
				IPHONEOS_DEPLOYMENT_TARGET = 11.0;
				LD_RUNPATH_SEARCH_PATHS = (
					"$(inherited)",
					"@executable_path/Frameworks",
				);
				PRODUCT_BUNDLE_IDENTIFIER = com.vandrj.WeatherBrick;
				PRODUCT_NAME = "$(TARGET_NAME)";
				SWIFT_VERSION = 4.0;
				TARGETED_DEVICE_FAMILY = 1;
			};
			name = Debug;
		};
		A3475F25273305F400BF5E86 /* Release */ = {
			isa = XCBuildConfiguration;
			baseConfigurationReference = 6B436E75954F75E45D05587C /* Pods-WeatherBrick.release.xcconfig */;
			buildSettings = {
				ASSETCATALOG_COMPILER_APPICON_NAME = AppIcon;
				CODE_SIGN_STYLE = Automatic;
				INFOPLIST_FILE = WeatherBrick/Info.plist;
				IPHONEOS_DEPLOYMENT_TARGET = 11.0;
				LD_RUNPATH_SEARCH_PATHS = (
					"$(inherited)",
					"@executable_path/Frameworks",
				);
				PRODUCT_BUNDLE_IDENTIFIER = com.vandrj.WeatherBrick;
				PRODUCT_NAME = "$(TARGET_NAME)";
				SWIFT_VERSION = 4.0;
				TARGETED_DEVICE_FAMILY = 1;
			};
			name = Release;
		};
/* End XCBuildConfiguration section */

/* Begin XCConfigurationList section */
		405E72AF2A8446E200A78651 /* Build configuration list for PBXNativeTarget "WeatherBrickTests" */ = {
			isa = XCConfigurationList;
			buildConfigurations = (
				405E72AD2A8446E200A78651 /* Debug */,
				405E72AE2A8446E200A78651 /* Release */,
			);
			defaultConfigurationIsVisible = 0;
			defaultConfigurationName = Release;
		};
		A3475EF6273305F200BF5E86 /* Build configuration list for PBXProject "WeatherBrick" */ = {
			isa = XCConfigurationList;
			buildConfigurations = (
				A3475F21273305F400BF5E86 /* Debug */,
				A3475F22273305F400BF5E86 /* Release */,
			);
			defaultConfigurationIsVisible = 0;
			defaultConfigurationName = Release;
		};
		A3475F23273305F400BF5E86 /* Build configuration list for PBXNativeTarget "WeatherBrick" */ = {
			isa = XCConfigurationList;
			buildConfigurations = (
				A3475F24273305F400BF5E86 /* Debug */,
				A3475F25273305F400BF5E86 /* Release */,
			);
			defaultConfigurationIsVisible = 0;
			defaultConfigurationName = Release;
		};
/* End XCConfigurationList section */

/* Begin XCRemoteSwiftPackageReference section */
		405E72B02A84470700A78651 /* XCRemoteSwiftPackageReference "swift-snapshot-testing" */ = {
			isa = XCRemoteSwiftPackageReference;
			repositoryURL = "https://github.com/pointfreeco/swift-snapshot-testing";
			requirement = {
				kind = upToNextMinorVersion;
				minimumVersion = 1.11.0;
			};
		};
/* End XCRemoteSwiftPackageReference section */

/* Begin XCSwiftPackageProductDependency section */
		405E72B12A84470700A78651 /* SnapshotTesting */ = {
			isa = XCSwiftPackageProductDependency;
			package = 405E72B02A84470700A78651 /* XCRemoteSwiftPackageReference "swift-snapshot-testing" */;
			productName = SnapshotTesting;
		};
/* End XCSwiftPackageProductDependency section */
	};
	rootObject = A3475EF3273305F200BF5E86 /* Project object */;
}
